
Microsoft Visual Studio Solution File, Format Version 12.00
# Visual Studio Version 17
VisualStudioVersion = 17.8.34525.116
MinimumVisualStudioVersion = 10.0.40219.1
Project("{FAE04EC0-301F-11D3-BF4B-00C04F79EFBC}") = "Com.AppDellaFresca.Bus.Model", "Com.AppDellaFresca.Bus.Model.csproj", "{F90A3590-BCBE-4DFF-BBE8-8E83758F7EA4}"
EndProject
Global
	GlobalSection(SolutionConfigurationPlatforms) = preSolution
		Debug|Any CPU = Debug|Any CPU
		Release|Any CPU = Release|Any CPU
	EndGlobalSection
	GlobalSection(ProjectConfigurationPlatforms) = postSolution
		{F90A3590-BCBE-4DFF-BBE8-8E83758F7EA4}.Debug|Any CPU.ActiveCfg = Debug|Any CPU
		{F90A3590-BCBE-4DFF-BBE8-8E83758F7EA4}.Debug|Any CPU.Build.0 = Debug|Any CPU
		{F90A3590-BCBE-4DFF-BBE8-8E83758F7EA4}.Release|Any CPU.ActiveCfg = Release|Any CPU
		{F90A3590-BCBE-4DFF-BBE8-8E83758F7EA4}.Release|Any CPU.Build.0 = Release|Any CPU
	EndGlobalSection
	GlobalSection(SolutionProperties) = preSolution
		HideSolutionNode = FALSE
	EndGlobalSection
	GlobalSection(ExtensibilityGlobals) = postSolution
		SolutionGuid = {48D7420E-160F-42A7-B775-DE1A0E108222}
	EndGlobalSection
EndGlobal
